
Microsoft Visual Studio Solution File, Format Version 12.00
# Visual Studio Version 17
VisualStudioVersion = 17.9.34622.214
MinimumVisualStudioVersion = 10.0.40219.1
Project("{FAE04EC0-301F-11D3-BF4B-00C04F79EFBC}") = "AsyncAwaitWebForms", "AsyncAwaitWebForms\AsyncAwaitWebForms.csproj", "{6716CD8F-9BA8-46EF-8AAA-9FF23CA51539}"
EndProject
Global
	GlobalSection(SolutionConfigurationPlatforms) = preSolution
		Debug|Any CPU = Debug|Any CPU
		Release|Any CPU = Release|Any CPU
	EndGlobalSection
	GlobalSection(ProjectConfigurationPlatforms) = postSolution
		{6716CD8F-9BA8-46EF-8AAA-9FF23CA51539}.Debug|Any CPU.ActiveCfg = Debug|Any CPU
		{6716CD8F-9BA8-46EF-8AAA-9FF23CA51539}.Debug|Any CPU.Build.0 = Debug|Any CPU
		{6716CD8F-9BA8-46EF-8AAA-9FF23CA51539}.Release|Any CPU.ActiveCfg = Release|Any CPU
		{6716CD8F-9BA8-46EF-8AAA-9FF23CA51539}.Release|Any CPU.Build.0 = Release|Any CPU
	EndGlobalSection
	GlobalSection(SolutionProperties) = preSolution
		HideSolutionNode = FALSE
	EndGlobalSection
	GlobalSection(ExtensibilityGlobals) = postSolution
		SolutionGuid = {8E225F1C-3A05-4932-9BAD-3939ADE0489F}
	EndGlobalSection
EndGlobal
